
Microsoft Visual Studio Solution File, Format Version 12.00
# Visual Studio 2013
VisualStudioVersion = 12.0.21005.1
MinimumVisualStudioVersion = 10.0.40219.1
Project("{8BC9CEB8-8B4A-11D0-8D11-00A0C91BC942}") = "task_for_lecture5", "task_for_lecture5\task_for_lecture5.vcxproj", "{167B689D-3873-479F-850A-CD24AB664CB6}"
EndProject
Global
	GlobalSection(SolutionConfigurationPlatforms) = preSolution
		Debug|Win32 = Debug|Win32
		Release|Win32 = Release|Win32
	EndGlobalSection
	GlobalSection(ProjectConfigurationPlatforms) = postSolution
		{167B689D-3873-479F-850A-CD24AB664CB6}.Debug|Win32.ActiveCfg = Debug|Win32
		{167B689D-3873-479F-850A-CD24AB664CB6}.Debug|Win32.Build.0 = Debug|Win32
		{167B689D-3873-479F-850A-CD24AB664CB6}.Release|Win32.ActiveCfg = Release|Win32
		{167B689D-3873-479F-850A-CD24AB664CB6}.Release|Win32.Build.0 = Release|Win32
	EndGlobalSection
	GlobalSection(SolutionProperties) = preSolution
		HideSolutionNode = FALSE
	EndGlobalSection
EndGlobal
